
Microsoft Visual Studio Solution File, Format Version 12.00
# Visual Studio 2012
Project("{FAE04EC0-301F-11D3-BF4B-00C04F79EFBC}") = "Proyecto01", "Proyecto01\Proyecto01.csproj", "{04836DC5-A5C1-4F49-B9B1-2BF3AB9A7BD4}"
EndProject
Project("{FAE04EC0-301F-11D3-BF4B-00C04F79EFBC}") = "Ejercicio_guia_3", "Ejercicio_guia_3\Ejercicio_guia_3.csproj", "{777A43A5-09CE-47B6-836D-0226DDFDF59A}"
EndProject
Project("{FAE04EC0-301F-11D3-BF4B-00C04F79EFBC}") = "Clase_02", "Clase_02\Clase_02.csproj", "{A58BAD5B-6918-4892-B318-9A621C328CAE}"
EndProject
Project("{FAE04EC0-301F-11D3-BF4B-00C04F79EFBC}") = "Clase_02Bis", "Clase_02Bis\Clase_02Bis.csproj", "{EFE39102-06FC-44A0-905F-CC70EBC25606}"
EndProject
Project("{FAE04EC0-301F-11D3-BF4B-00C04F79EFBC}") = "DecToBinToDec", "DecToBinToDec\DecToBinToDec.csproj", "{5CA9BA4E-737E-42B9-8EEF-C3DC40CA6C5D}"
EndProject
Project("{FAE04EC0-301F-11D3-BF4B-00C04F79EFBC}") = "Clase3", "Clase3\Clase3.csproj", "{2BF8D4A7-9E63-448B-A20C-88ACB82C008C}"
EndProject
Project("{2150E333-8FDC-42A3-9474-1A3956D46DE8}") = "Clase05", "Clase05", "{FEFD5EF3-F741-411D-AA63-587A43716986}"
EndProject
Project("{FAE04EC0-301F-11D3-BF4B-00C04F79EFBC}") = "Clase05", "Clase05\Clase05.csproj", "{F5F2CD3E-DEF8-485D-B89E-C5CD7BEA5C91}"
EndProject
Project("{FAE04EC0-301F-11D3-BF4B-00C04F79EFBC}") = "Clase07", "Clase07\Clase07.csproj", "{F0F8123C-25D7-4340-9DA4-678F7B304F03}"
EndProject
Project("{FAE04EC0-301F-11D3-BF4B-00C04F79EFBC}") = "Pruebas_Array", "Pruebas_Array\Pruebas_Array.csproj", "{693CF7C8-D6F7-4C95-9A52-203AA3CCFA2A}"
EndProject
Project("{FAE04EC0-301F-11D3-BF4B-00C04F79EFBC}") = "Agregar un item", "Agregar un item\Agregar un item.csproj", "{4C8DD18E-E619-4694-8FF7-BC53594E6F62}"
EndProject
Project("{FAE04EC0-301F-11D3-BF4B-00C04F79EFBC}") = "Lista_Numeros", "Agregando numeros\Lista_Numeros.csproj", "{78C73584-DC66-4AAB-A439-254A6AA7631F}"
EndProject
Project("{FAE04EC0-301F-11D3-BF4B-00C04F79EFBC}") = "ClassLibrary1", "ClassLibrary1\ClassLibrary1.csproj", "{AEAB562B-B5FF-47C9-8790-E1957B575C10}"
EndProject
Project("{FAE04EC0-301F-11D3-BF4B-00C04F79EFBC}") = "Empressa", "Empressa\Empressa.csproj", "{AFDFCA37-EF97-4F7E-940C-3A4EC24B9B8A}"
EndProject
Project("{2150E333-8FDC-42A3-9474-1A3956D46DE8}") = "Clase08", "Clase08", "{272A8FFA-66DD-4D22-A185-B542DBBCA06A}"
EndProject
Project("{2150E333-8FDC-42A3-9474-1A3956D46DE8}") = "Misc", "Misc", "{F0B78E46-F35D-4DBE-9A00-8E5B7CC644F8}"
EndProject
Project("{2150E333-8FDC-42A3-9474-1A3956D46DE8}") = "Clase09 Herencia", "Clase09 Herencia", "{F7F96404-2B3B-4508-96C0-0DBDBC44D05B}"
EndProject
Project("{FAE04EC0-301F-11D3-BF4B-00C04F79EFBC}") = "ClassLibraryLavadero", "Clase09\ClassLibraryLavadero\ClassLibraryLavadero.csproj", "{335BA251-3F24-46BA-B86D-9C29364CA731}"
EndProject
Project("{FAE04EC0-301F-11D3-BF4B-00C04F79EFBC}") = "ImplementacionLavadero", "Clase09\ImplemantacionLavadero\ImplementacionLavadero.csproj", "{29A128E1-F5B9-495B-BCC9-CAB936AA71CB}"
EndProject
Project("{2150E333-8FDC-42A3-9474-1A3956D46DE8}") = "Clase10", "Clase10", "{37F7A253-CBD3-4FC6-800D-FE967D9ADA8B}"
EndProject
Project("{2150E333-8FDC-42A3-9474-1A3956D46DE8}") = "Clase11", "Clase11", "{D9FF7E6C-CECF-4C39-A49A-7252728473C3}"
EndProject
Project("{2150E333-8FDC-42A3-9474-1A3956D46DE8}") = "Clase07", "Clase07", "{DDBCEB83-C769-4C44-9391-607C4EFF5E0C}"
EndProject
Project("{2150E333-8FDC-42A3-9474-1A3956D46DE8}") = "Clase01", "Clase01", "{48F15C9B-E156-4503-B68A-3056DE2274B1}"
EndProject
Project("{2150E333-8FDC-42A3-9474-1A3956D46DE8}") = "Clase12", "Clase12", "{F599E795-E5C7-4878-89BD-BFD45B8F4515}"
	ProjectSection(SolutionItems) = preProject
		TextFile1.txt = TextFile1.txt
	EndProjectSection
EndProject
Project("{2150E333-8FDC-42A3-9474-1A3956D46DE8}") = "Mod_Parcial", "Mod_Parcial", "{F773D88A-0292-444B-9A89-2DB966A65B38}"
EndProject
Project("{FAE04EC0-301F-11D3-BF4B-00C04F79EFBC}") = "ModeloParcial", "ModeloParcial\ModeloParcial.csproj", "{F4B4D128-B0DE-4A60-A0AA-581E47B83CBA}"
EndProject
Project("{FAE04EC0-301F-11D3-BF4B-00C04F79EFBC}") = "ModParcMain", "ModParcMain\ModParcMain.csproj", "{D5606F01-42FC-4F33-A2D0-035B62D7A363}"
EndProject
Project("{FAE04EC0-301F-11D3-BF4B-00C04F79EFBC}") = "CentralitaHerencia", "CentralitaHerencia\CentralitaHerencia.csproj", "{20F06745-D251-4CFA-A1EB-CC421D8324A7}"
EndProject
Project("{FAE04EC0-301F-11D3-BF4B-00C04F79EFBC}") = "Clase11", "Clase11\Clase11.csproj", "{BE628542-51E9-42EA-BEB5-A250FFB9AA7F}"
EndProject
Project("{FAE04EC0-301F-11D3-BF4B-00C04F79EFBC}") = "MainClase11", "MainClase11\MainClase11.csproj", "{E50656D5-38EB-4216-81FE-9DFCCD2BC5E3}"
EndProject
Project("{2150E333-8FDC-42A3-9474-1A3956D46DE8}") = "Clase02", "Clase02", "{93EB0AAD-1AA9-439C-B0D6-1E2C8A9CD728}"
EndProject
Project("{2150E333-8FDC-42A3-9474-1A3956D46DE8}") = "Clase03", "Clase03", "{171A3D19-7E97-4DEF-902E-7A3C3C720C60}"
EndProject
Project("{2150E333-8FDC-42A3-9474-1A3956D46DE8}") = "Robado a franco", "Robado a franco", "{4E30CDA9-0046-4DA7-ADE8-B761A84FFE73}"
EndProject
Project("{2150E333-8FDC-42A3-9474-1A3956D46DE8}") = "NewFolder7", "NewFolder7", "{C57B371F-16FE-4401-B298-AC60CAB96BB5}"
EndProject
Project("{FAE04EC0-301F-11D3-BF4B-00C04F79EFBC}") = "CentralitaPolimorfismo", "CentralTelefonica\CentralitaPolimorfismo\CentralitaPolimorfismo.csproj", "{1DA49EE0-F637-4AC9-AEB7-C440D402D0CF}"
EndProject
Project("{FAE04EC0-301F-11D3-BF4B-00C04F79EFBC}") = "CentralitaHerencia", "CentralTelefonica\CentralTelefonica\CentralitaHerencia.csproj", "{AF2CE783-5100-4D14-9A4B-C521FFF16C4C}"
EndProject
Project("{FAE04EC0-301F-11D3-BF4B-00C04F79EFBC}") = "CentralitaSerializacion", "CentralitaSerializacion\CentralitaSerializacion.csproj", "{F278167E-DF7A-4542-8740-6A3E74E55010}"
EndProject
Project("{2150E333-8FDC-42A3-9474-1A3956D46DE8}") = "Clase12bis", "Clase12bis", "{C4076B08-5C7F-4BAC-8CD4-4EFDA181B66A}"
EndProject
Project("{2150E333-8FDC-42A3-9474-1A3956D46DE8}") = "NewFolder2", "NewFolder2", "{82E78D84-FC15-4169-A6BB-CC4CD2D9D124}"
EndProject
Project("{2150E333-8FDC-42A3-9474-1A3956D46DE8}") = "NewFolder3", "NewFolder3", "{1DFD37A4-5C25-4A72-8B64-78DD2215D4F4}"
EndProject
Project("{2150E333-8FDC-42A3-9474-1A3956D46DE8}") = "NewFolder4", "NewFolder4", "{804664B2-2B48-4DF6-9A10-A17E415EC9FB}"
EndProject
Project("{2150E333-8FDC-42A3-9474-1A3956D46DE8}") = "NewFolder5", "NewFolder5", "{B2DCEF40-F5FA-4233-82A6-C21EF44783E2}"
EndProject
Project("{2150E333-8FDC-42A3-9474-1A3956D46DE8}") = "NewFolder6", "NewFolder6", "{3BAA8F35-04C1-4DBC-B102-84ADE1BC29AD}"
EndProject
Project("{2150E333-8FDC-42A3-9474-1A3956D46DE8}") = "NewFolder8", "NewFolder8", "{F6C3E129-AD42-4BFF-B77E-E5F7F1CF6ADB}"
EndProject
Project("{2150E333-8FDC-42A3-9474-1A3956D46DE8}") = "NewFolder9", "NewFolder9", "{D4DF2955-2AA8-46EB-901A-A93D0773058A}"
EndProject
Project("{FAE04EC0-301F-11D3-BF4B-00C04F79EFBC}") = "Ejercicio15Campus", "Ejercicio15Campus\Ejercicio15Campus.csproj", "{590B31F6-B993-493C-9B5A-4EEBAD971FB2}"
EndProject
Global
	GlobalSection(SolutionConfigurationPlatforms) = preSolution
		Debug|Any CPU = Debug|Any CPU
		Release|Any CPU = Release|Any CPU
	EndGlobalSection
	GlobalSection(ProjectConfigurationPlatforms) = postSolution
		{04836DC5-A5C1-4F49-B9B1-2BF3AB9A7BD4}.Debug|Any CPU.ActiveCfg = Debug|Any CPU
		{04836DC5-A5C1-4F49-B9B1-2BF3AB9A7BD4}.Debug|Any CPU.Build.0 = Debug|Any CPU
		{04836DC5-A5C1-4F49-B9B1-2BF3AB9A7BD4}.Release|Any CPU.ActiveCfg = Release|Any CPU
		{04836DC5-A5C1-4F49-B9B1-2BF3AB9A7BD4}.Release|Any CPU.Build.0 = Release|Any CPU
		{777A43A5-09CE-47B6-836D-0226DDFDF59A}.Debug|Any CPU.ActiveCfg = Debug|Any CPU
		{777A43A5-09CE-47B6-836D-0226DDFDF59A}.Debug|Any CPU.Build.0 = Debug|Any CPU
		{777A43A5-09CE-47B6-836D-0226DDFDF59A}.Release|Any CPU.ActiveCfg = Release|Any CPU
		{777A43A5-09CE-47B6-836D-0226DDFDF59A}.Release|Any CPU.Build.0 = Release|Any CPU
		{A58BAD5B-6918-4892-B318-9A621C328CAE}.Debug|Any CPU.ActiveCfg = Debug|Any CPU
		{A58BAD5B-6918-4892-B318-9A621C328CAE}.Debug|Any CPU.Build.0 = Debug|Any CPU
		{A58BAD5B-6918-4892-B318-9A621C328CAE}.Release|Any CPU.ActiveCfg = Release|Any CPU
		{A58BAD5B-6918-4892-B318-9A621C328CAE}.Release|Any CPU.Build.0 = Release|Any CPU
		{EFE39102-06FC-44A0-905F-CC70EBC25606}.Debug|Any CPU.ActiveCfg = Debug|Any CPU
		{EFE39102-06FC-44A0-905F-CC70EBC25606}.Debug|Any CPU.Build.0 = Debug|Any CPU
		{EFE39102-06FC-44A0-905F-CC70EBC25606}.Release|Any CPU.ActiveCfg = Release|Any CPU
		{EFE39102-06FC-44A0-905F-CC70EBC25606}.Release|Any CPU.Build.0 = Release|Any CPU
		{5CA9BA4E-737E-42B9-8EEF-C3DC40CA6C5D}.Debug|Any CPU.ActiveCfg = Debug|Any CPU
		{5CA9BA4E-737E-42B9-8EEF-C3DC40CA6C5D}.Debug|Any CPU.Build.0 = Debug|Any CPU
		{5CA9BA4E-737E-42B9-8EEF-C3DC40CA6C5D}.Release|Any CPU.ActiveCfg = Release|Any CPU
		{5CA9BA4E-737E-42B9-8EEF-C3DC40CA6C5D}.Release|Any CPU.Build.0 = Release|Any CPU
		{2BF8D4A7-9E63-448B-A20C-88ACB82C008C}.Debug|Any CPU.ActiveCfg = Debug|Any CPU
		{2BF8D4A7-9E63-448B-A20C-88ACB82C008C}.Debug|Any CPU.Build.0 = Debug|Any CPU
		{2BF8D4A7-9E63-448B-A20C-88ACB82C008C}.Release|Any CPU.ActiveCfg = Release|Any CPU
		{2BF8D4A7-9E63-448B-A20C-88ACB82C008C}.Release|Any CPU.Build.0 = Release|Any CPU
		{F5F2CD3E-DEF8-485D-B89E-C5CD7BEA5C91}.Debug|Any CPU.ActiveCfg = Debug|Any CPU
		{F5F2CD3E-DEF8-485D-B89E-C5CD7BEA5C91}.Debug|Any CPU.Build.0 = Debug|Any CPU
		{F5F2CD3E-DEF8-485D-B89E-C5CD7BEA5C91}.Release|Any CPU.ActiveCfg = Release|Any CPU
		{F5F2CD3E-DEF8-485D-B89E-C5CD7BEA5C91}.Release|Any CPU.Build.0 = Release|Any CPU
		{F0F8123C-25D7-4340-9DA4-678F7B304F03}.Debug|Any CPU.ActiveCfg = Debug|Any CPU
		{F0F8123C-25D7-4340-9DA4-678F7B304F03}.Debug|Any CPU.Build.0 = Debug|Any CPU
		{F0F8123C-25D7-4340-9DA4-678F7B304F03}.Release|Any CPU.ActiveCfg = Release|Any CPU
		{F0F8123C-25D7-4340-9DA4-678F7B304F03}.Release|Any CPU.Build.0 = Release|Any CPU
		{693CF7C8-D6F7-4C95-9A52-203AA3CCFA2A}.Debug|Any CPU.ActiveCfg = Debug|Any CPU
		{693CF7C8-D6F7-4C95-9A52-203AA3CCFA2A}.Debug|Any CPU.Build.0 = Debug|Any CPU
		{693CF7C8-D6F7-4C95-9A52-203AA3CCFA2A}.Release|Any CPU.ActiveCfg = Release|Any CPU
		{693CF7C8-D6F7-4C95-9A52-203AA3CCFA2A}.Release|Any CPU.Build.0 = Release|Any CPU
		{4C8DD18E-E619-4694-8FF7-BC53594E6F62}.Debug|Any CPU.ActiveCfg = Debug|Any CPU
		{4C8DD18E-E619-4694-8FF7-BC53594E6F62}.Debug|Any CPU.Build.0 = Debug|Any CPU
		{4C8DD18E-E619-4694-8FF7-BC53594E6F62}.Release|Any CPU.ActiveCfg = Release|Any CPU
		{4C8DD18E-E619-4694-8FF7-BC53594E6F62}.Release|Any CPU.Build.0 = Release|Any CPU
		{78C73584-DC66-4AAB-A439-254A6AA7631F}.Debug|Any CPU.ActiveCfg = Debug|Any CPU
		{78C73584-DC66-4AAB-A439-254A6AA7631F}.Debug|Any CPU.Build.0 = Debug|Any CPU
		{78C73584-DC66-4AAB-A439-254A6AA7631F}.Release|Any CPU.ActiveCfg = Release|Any CPU
		{78C73584-DC66-4AAB-A439-254A6AA7631F}.Release|Any CPU.Build.0 = Release|Any CPU
		{AEAB562B-B5FF-47C9-8790-E1957B575C10}.Debug|Any CPU.ActiveCfg = Debug|Any CPU
		{AEAB562B-B5FF-47C9-8790-E1957B575C10}.Debug|Any CPU.Build.0 = Debug|Any CPU
		{AEAB562B-B5FF-47C9-8790-E1957B575C10}.Release|Any CPU.ActiveCfg = Release|Any CPU
		{AEAB562B-B5FF-47C9-8790-E1957B575C10}.Release|Any CPU.Build.0 = Release|Any CPU
		{AFDFCA37-EF97-4F7E-940C-3A4EC24B9B8A}.Debug|Any CPU.ActiveCfg = Debug|Any CPU
		{AFDFCA37-EF97-4F7E-940C-3A4EC24B9B8A}.Debug|Any CPU.Build.0 = Debug|Any CPU
		{AFDFCA37-EF97-4F7E-940C-3A4EC24B9B8A}.Release|Any CPU.ActiveCfg = Release|Any CPU
		{AFDFCA37-EF97-4F7E-940C-3A4EC24B9B8A}.Release|Any CPU.Build.0 = Release|Any CPU
		{335BA251-3F24-46BA-B86D-9C29364CA731}.Debug|Any CPU.ActiveCfg = Debug|Any CPU
		{335BA251-3F24-46BA-B86D-9C29364CA731}.Debug|Any CPU.Build.0 = Debug|Any CPU
		{335BA251-3F24-46BA-B86D-9C29364CA731}.Release|Any CPU.ActiveCfg = Release|Any CPU
		{335BA251-3F24-46BA-B86D-9C29364CA731}.Release|Any CPU.Build.0 = Release|Any CPU
		{29A128E1-F5B9-495B-BCC9-CAB936AA71CB}.Debug|Any CPU.ActiveCfg = Debug|Any CPU
		{29A128E1-F5B9-495B-BCC9-CAB936AA71CB}.Debug|Any CPU.Build.0 = Debug|Any CPU
		{29A128E1-F5B9-495B-BCC9-CAB936AA71CB}.Release|Any CPU.ActiveCfg = Release|Any CPU
		{29A128E1-F5B9-495B-BCC9-CAB936AA71CB}.Release|Any CPU.Build.0 = Release|Any CPU
		{F4B4D128-B0DE-4A60-A0AA-581E47B83CBA}.Debug|Any CPU.ActiveCfg = Debug|Any CPU
		{F4B4D128-B0DE-4A60-A0AA-581E47B83CBA}.Debug|Any CPU.Build.0 = Debug|Any CPU
		{F4B4D128-B0DE-4A60-A0AA-581E47B83CBA}.Release|Any CPU.ActiveCfg = Release|Any CPU
		{F4B4D128-B0DE-4A60-A0AA-581E47B83CBA}.Release|Any CPU.Build.0 = Release|Any CPU
		{D5606F01-42FC-4F33-A2D0-035B62D7A363}.Debug|Any CPU.ActiveCfg = Debug|Any CPU
		{D5606F01-42FC-4F33-A2D0-035B62D7A363}.Debug|Any CPU.Build.0 = Debug|Any CPU
		{D5606F01-42FC-4F33-A2D0-035B62D7A363}.Release|Any CPU.ActiveCfg = Release|Any CPU
		{D5606F01-42FC-4F33-A2D0-035B62D7A363}.Release|Any CPU.Build.0 = Release|Any CPU
		{20F06745-D251-4CFA-A1EB-CC421D8324A7}.Debug|Any CPU.ActiveCfg = Debug|Any CPU
		{20F06745-D251-4CFA-A1EB-CC421D8324A7}.Debug|Any CPU.Build.0 = Debug|Any CPU
		{20F06745-D251-4CFA-A1EB-CC421D8324A7}.Release|Any CPU.ActiveCfg = Release|Any CPU
		{20F06745-D251-4CFA-A1EB-CC421D8324A7}.Release|Any CPU.Build.0 = Release|Any CPU
		{BE628542-51E9-42EA-BEB5-A250FFB9AA7F}.Debug|Any CPU.ActiveCfg = Debug|Any CPU
		{BE628542-51E9-42EA-BEB5-A250FFB9AA7F}.Debug|Any CPU.Build.0 = Debug|Any CPU
		{BE628542-51E9-42EA-BEB5-A250FFB9AA7F}.Release|Any CPU.ActiveCfg = Release|Any CPU
		{BE628542-51E9-42EA-BEB5-A250FFB9AA7F}.Release|Any CPU.Build.0 = Release|Any CPU
		{E50656D5-38EB-4216-81FE-9DFCCD2BC5E3}.Debug|Any CPU.ActiveCfg = Debug|Any CPU
		{E50656D5-38EB-4216-81FE-9DFCCD2BC5E3}.Debug|Any CPU.Build.0 = Debug|Any CPU
		{E50656D5-38EB-4216-81FE-9DFCCD2BC5E3}.Release|Any CPU.ActiveCfg = Release|Any CPU
		{E50656D5-38EB-4216-81FE-9DFCCD2BC5E3}.Release|Any CPU.Build.0 = Release|Any CPU
		{1DA49EE0-F637-4AC9-AEB7-C440D402D0CF}.Debug|Any CPU.ActiveCfg = Debug|Any CPU
		{1DA49EE0-F637-4AC9-AEB7-C440D402D0CF}.Debug|Any CPU.Build.0 = Debug|Any CPU
		{1DA49EE0-F637-4AC9-AEB7-C440D402D0CF}.Release|Any CPU.ActiveCfg = Release|Any CPU
		{1DA49EE0-F637-4AC9-AEB7-C440D402D0CF}.Release|Any CPU.Build.0 = Release|Any CPU
		{AF2CE783-5100-4D14-9A4B-C521FFF16C4C}.Debug|Any CPU.ActiveCfg = Debug|Any CPU
		{AF2CE783-5100-4D14-9A4B-C521FFF16C4C}.Debug|Any CPU.Build.0 = Debug|Any CPU
		{AF2CE783-5100-4D14-9A4B-C521FFF16C4C}.Release|Any CPU.ActiveCfg = Release|Any CPU
		{AF2CE783-5100-4D14-9A4B-C521FFF16C4C}.Release|Any CPU.Build.0 = Release|Any CPU
		{F278167E-DF7A-4542-8740-6A3E74E55010}.Debug|Any CPU.ActiveCfg = Debug|Any CPU
		{F278167E-DF7A-4542-8740-6A3E74E55010}.Debug|Any CPU.Build.0 = Debug|Any CPU
		{F278167E-DF7A-4542-8740-6A3E74E55010}.Release|Any CPU.ActiveCfg = Release|Any CPU
		{F278167E-DF7A-4542-8740-6A3E74E55010}.Release|Any CPU.Build.0 = Release|Any CPU
		{590B31F6-B993-493C-9B5A-4EEBAD971FB2}.Debug|Any CPU.ActiveCfg = Debug|Any CPU
		{590B31F6-B993-493C-9B5A-4EEBAD971FB2}.Debug|Any CPU.Build.0 = Debug|Any CPU
		{590B31F6-B993-493C-9B5A-4EEBAD971FB2}.Release|Any CPU.ActiveCfg = Release|Any CPU
		{590B31F6-B993-493C-9B5A-4EEBAD971FB2}.Release|Any CPU.Build.0 = Release|Any CPU
	EndGlobalSection
	GlobalSection(SolutionProperties) = preSolution
		HideSolutionNode = FALSE
	EndGlobalSection
	GlobalSection(NestedProjects) = preSolution
		{777A43A5-09CE-47B6-836D-0226DDFDF59A} = {F0B78E46-F35D-4DBE-9A00-8E5B7CC644F8}
		{5CA9BA4E-737E-42B9-8EEF-C3DC40CA6C5D} = {F0B78E46-F35D-4DBE-9A00-8E5B7CC644F8}
		{693CF7C8-D6F7-4C95-9A52-203AA3CCFA2A} = {F0B78E46-F35D-4DBE-9A00-8E5B7CC644F8}
		{4C8DD18E-E619-4694-8FF7-BC53594E6F62} = {F0B78E46-F35D-4DBE-9A00-8E5B7CC644F8}
		{78C73584-DC66-4AAB-A439-254A6AA7631F} = {F0B78E46-F35D-4DBE-9A00-8E5B7CC644F8}
		{F5F2CD3E-DEF8-485D-B89E-C5CD7BEA5C91} = {FEFD5EF3-F741-411D-AA63-587A43716986}
		{AFDFCA37-EF97-4F7E-940C-3A4EC24B9B8A} = {272A8FFA-66DD-4D22-A185-B542DBBCA06A}
		{AEAB562B-B5FF-47C9-8790-E1957B575C10} = {272A8FFA-66DD-4D22-A185-B542DBBCA06A}
		{335BA251-3F24-46BA-B86D-9C29364CA731} = {F7F96404-2B3B-4508-96C0-0DBDBC44D05B}
		{29A128E1-F5B9-495B-BCC9-CAB936AA71CB} = {F7F96404-2B3B-4508-96C0-0DBDBC44D05B}
		{20F06745-D251-4CFA-A1EB-CC421D8324A7} = {37F7A253-CBD3-4FC6-800D-FE967D9ADA8B}
		{BE628542-51E9-42EA-BEB5-A250FFB9AA7F} = {D9FF7E6C-CECF-4C39-A49A-7252728473C3}
		{E50656D5-38EB-4216-81FE-9DFCCD2BC5E3} = {D9FF7E6C-CECF-4C39-A49A-7252728473C3}
		{F0F8123C-25D7-4340-9DA4-678F7B304F03} = {DDBCEB83-C769-4C44-9391-607C4EFF5E0C}
		{04836DC5-A5C1-4F49-B9B1-2BF3AB9A7BD4} = {48F15C9B-E156-4503-B68A-3056DE2274B1}
		{F4B4D128-B0DE-4A60-A0AA-581E47B83CBA} = {F773D88A-0292-444B-9A89-2DB966A65B38}
		{D5606F01-42FC-4F33-A2D0-035B62D7A363} = {F773D88A-0292-444B-9A89-2DB966A65B38}
		{A58BAD5B-6918-4892-B318-9A621C328CAE} = {93EB0AAD-1AA9-439C-B0D6-1E2C8A9CD728}
		{EFE39102-06FC-44A0-905F-CC70EBC25606} = {93EB0AAD-1AA9-439C-B0D6-1E2C8A9CD728}
		{2BF8D4A7-9E63-448B-A20C-88ACB82C008C} = {171A3D19-7E97-4DEF-902E-7A3C3C720C60}
		{AF2CE783-5100-4D14-9A4B-C521FFF16C4C} = {4E30CDA9-0046-4DA7-ADE8-B761A84FFE73}
		{1DA49EE0-F637-4AC9-AEB7-C440D402D0CF} = {4E30CDA9-0046-4DA7-ADE8-B761A84FFE73}
		{F278167E-DF7A-4542-8740-6A3E74E55010} = {4E30CDA9-0046-4DA7-ADE8-B761A84FFE73}
		{590B31F6-B993-493C-9B5A-4EEBAD971FB2} = {C4076B08-5C7F-4BAC-8CD4-4EFDA181B66A}
	EndGlobalSection
EndGlobal
